{
  "name": "express-generator-typescript",
  "version": "2.8.1",
  "lockfileVersion": 3,
  "requires": true,
  "packages": {
    "": {
      "name": "express-generator-typescript",
      "version": "2.8.1",
      "license": "MIT",
      "bin": {
        "express-generator-typescript": "bin/cli.js"
      },
      "engines": {
        "node": ">=22.12.0"
      }
    }
  }
}
